
Microsoft Visual Studio Solution File, Format Version 12.00
# Visual Studio Version 17
VisualStudioVersion = 17.0.31903.59
MinimumVisualStudioVersion = 10.0.40219.1
Project("{FAE04EC0-301F-11D3-BF4B-00C04F79EFBC}") = "ViewModel", "ViewModel\ViewModel.csproj", "{6CF77410-E279-4466-A050-B68D7A190B78}"
EndProject
Project("{FAE04EC0-301F-11D3-BF4B-00C04F79EFBC}") = "ApisView", "ApisView\ApisView.csproj", "{960747BB-8C38-487C-81B7-1A07F5340D3F}"
EndProject
Project("{FAE04EC0-301F-11D3-BF4B-00C04F79EFBC}") = "MyRestApi", "MyRestApi\MyRestApi.csproj", "{FB7FF31F-68E4-43CA-909D-CC7E0B52451A}"
EndProject
Project("{FAE04EC0-301F-11D3-BF4B-00C04F79EFBC}") = "gRPC", "gRPC\gRPC.csproj", "{A5CAC98F-AAF3-4EED-8109-DA41DFE87E53}"
EndProject
Project("{FAE04EC0-301F-11D3-BF4B-00C04F79EFBC}") = "MySoap", "MySoap\MySoap.csproj", "{B93630B6-07CA-4B34-AD6A-192E7C171998}"
EndProject
Project("{FAE04EC0-301F-11D3-BF4B-00C04F79EFBC}") = "MyGraphQLApi", "MyGraphQLApi\MyGraphQLApi.csproj", "{D1E2F3A4-B5C6-7890-ABCD-EF1234567890}"
EndProject
Project("{FAE04EC0-301F-11D3-BF4B-00C04F79EFBC}") = "WebApp", "WebApp\WebApp.csproj", "{4EE12764-6D80-449B-8116-3D1478F32838}"
EndProject
Global
	GlobalSection(SolutionConfigurationPlatforms) = preSolution
		Debug|Any CPU = Debug|Any CPU
		Release|Any CPU = Release|Any CPU
	EndGlobalSection
	GlobalSection(SolutionProperties) = preSolution
		HideSolutionNode = FALSE
	EndGlobalSection
	GlobalSection(ProjectConfigurationPlatforms) = postSolution
		{6CF77410-E279-4466-A050-B68D7A190B78}.Debug|Any CPU.ActiveCfg = Debug|Any CPU
		{6CF77410-E279-4466-A050-B68D7A190B78}.Debug|Any CPU.Build.0 = Debug|Any CPU
		{6CF77410-E279-4466-A050-B68D7A190B78}.Release|Any CPU.ActiveCfg = Release|Any CPU
		{6CF77410-E279-4466-A050-B68D7A190B78}.Release|Any CPU.Build.0 = Release|Any CPU
		{960747BB-8C38-487C-81B7-1A07F5340D3F}.Debug|Any CPU.ActiveCfg = Debug|Any CPU
		{960747BB-8C38-487C-81B7-1A07F5340D3F}.Debug|Any CPU.Build.0 = Debug|Any CPU
		{960747BB-8C38-487C-81B7-1A07F5340D3F}.Release|Any CPU.ActiveCfg = Release|Any CPU
		{960747BB-8C38-487C-81B7-1A07F5340D3F}.Release|Any CPU.Build.0 = Release|Any CPU
		{FB7FF31F-68E4-43CA-909D-CC7E0B52451A}.Debug|Any CPU.ActiveCfg = Debug|Any CPU
		{FB7FF31F-68E4-43CA-909D-CC7E0B52451A}.Debug|Any CPU.Build.0 = Debug|Any CPU
		{FB7FF31F-68E4-43CA-909D-CC7E0B52451A}.Release|Any CPU.ActiveCfg = Release|Any CPU
		{FB7FF31F-68E4-43CA-909D-CC7E0B52451A}.Release|Any CPU.Build.0 = Release|Any CPU
		{A5CAC98F-AAF3-4EED-8109-DA41DFE87E53}.Debug|Any CPU.ActiveCfg = Debug|Any CPU
		{A5CAC98F-AAF3-4EED-8109-DA41DFE87E53}.Debug|Any CPU.Build.0 = Debug|Any CPU
		{A5CAC98F-AAF3-4EED-8109-DA41DFE87E53}.Release|Any CPU.ActiveCfg = Release|Any CPU
		{A5CAC98F-AAF3-4EED-8109-DA41DFE87E53}.Release|Any CPU.Build.0 = Release|Any CPU
		{B93630B6-07CA-4B34-AD6A-192E7C171998}.Debug|Any CPU.ActiveCfg = Debug|Any CPU
		{B93630B6-07CA-4B34-AD6A-192E7C171998}.Debug|Any CPU.Build.0 = Debug|Any CPU
		{B93630B6-07CA-4B34-AD6A-192E7C171998}.Release|Any CPU.ActiveCfg = Release|Any CPU
		{B93630B6-07CA-4B34-AD6A-192E7C171998}.Release|Any CPU.Build.0 = Release|Any CPU
		{4EE12764-6D80-449B-8116-3D1478F32838}.Debug|Any CPU.ActiveCfg = Debug|Any CPU
		{4EE12764-6D80-449B-8116-3D1478F32838}.Debug|Any CPU.Build.0 = Debug|Any CPU
		{4EE12764-6D80-449B-8116-3D1478F32838}.Release|Any CPU.ActiveCfg = Release|Any CPU
		{4EE12764-6D80-449B-8116-3D1478F32838}.Release|Any CPU.Build.0 = Release|Any CPU
		{D1E2F3A4-B5C6-7890-ABCD-EF1234567890}.Debug|Any CPU.ActiveCfg = Debug|Any CPU
		{D1E2F3A4-B5C6-7890-ABCD-EF1234567890}.Debug|Any CPU.Build.0 = Debug|Any CPU
		{D1E2F3A4-B5C6-7890-ABCD-EF1234567890}.Release|Any CPU.ActiveCfg = Release|Any CPU
		{D1E2F3A4-B5C6-7890-ABCD-EF1234567890}.Release|Any CPU.Build.0 = Release|Any CPU
	EndGlobalSection
EndGlobal
